# THIS IS AN AUTOGENERATED FILE. DO NOT EDIT THIS FILE DIRECTLY.
# yarn lockfile v1


"bare-server-node@github:tomphttp/bare-server-node":
  version "0.0.1"
  resolved "https://codeload.github.com/tomphttp/bare-server-node/tar.gz/5f6405e214c57d141891e0fc0e3690529216cd84"
  dependencies:
    commander "^9.0.0"
    fetch-headers "^3.0.1"

colorette@^2.0.16:
  version "2.0.16"
  resolved "https://registry.yarnpkg.com/colorette/-/colorette-2.0.16.tgz#713b9af84fdb000139f04546bd4a93f62a5085da"
  integrity sha512-hUewv7oMjCp+wkBv5Rm0v87eJhq4woh5rSR+42YSQJKecCqgIqNkZ6lAlQms/BwHPJA5NKMRlpxPRv0n8HQW6g==

colors@>=0.6.0:
  version "1.4.0"
  resolved "https://registry.yarnpkg.com/colors/-/colors-1.4.0.tgz#c50491479d4c1bdaed2c9ced32cf7c7dc2360f78"
  integrity sha512-a+UqTh4kgZg/SlGvfbzDHpgRu7AAQOmmqRHJnxhRZICKFUT91brVhNNt58CMWU9PsBbv3PDCZUHbVxuDiH2mtA==

commander@^9.0.0:
  version "9.2.0"
  resolved "https://registry.yarnpkg.com/commander/-/commander-9.2.0.tgz#6e21014b2ed90d8b7c9647230d8b7a94a4a419a9"
  integrity sha512-e2i4wANQiSXgnrBlIatyHtP1odfUp0BbV5Y5nEGbxtIrStkEOAAzCUirvLBNXHLr7kwLvJl6V+4V3XV9x7Wd9w==

fetch-headers@^3.0.1:
  version "3.0.1"
  resolved "https://registry.yarnpkg.com/fetch-headers/-/fetch-headers-3.0.1.tgz#3609148b601f36613b108f449cc3e03a77917b5f"
  integrity sha512-Kq+NyED/wLgT29St7aW47gAWg8EmmE5QmhwQ5RmPRULYLqpglA7Kc/ZnbqXu2vhH6mw1koikew2g94WiHLPmpA==

mime@^1.2.9:
  version "1.6.0"
  resolved "https://registry.yarnpkg.com/mime/-/mime-1.6.0.tgz#32cd9e5c64553bd58d19a568af452acff04981b1"
  integrity sha512-x0Vn8spI+wuJ1O6S7gnbaQg8Pxh4NNHb7KSINmEWKiPE4RKOplvijn+NkmYmmRgP68mc70j2EbeTFRsrswaQeg==

minimist@~0.0.1:
  version "0.0.10"
  resolved "https://registry.yarnpkg.com/minimist/-/minimist-0.0.10.tgz#de3f98543dbf96082be48ad1a0c7cda836301dcf"
  integrity sha1-3j+YVD2/lggr5IrRoMfNqDYwHc8=

node-static@*:
  version "0.7.11"
  resolved "https://registry.yarnpkg.com/node-static/-/node-static-0.7.11.tgz#60120d349f3cef533e4e820670057eb631882e7f"
  integrity sha512-zfWC/gICcqb74D9ndyvxZWaI1jzcoHmf4UTHWQchBNuNMxdBLJMDiUgZ1tjGLEIe/BMhj2DxKD8HOuc2062pDQ==
  dependencies:
    colors ">=0.6.0"
    mime "^1.2.9"
    optimist ">=0.3.4"

optimist@>=0.3.4:
  version "0.6.1"
  resolved "https://registry.yarnpkg.com/optimist/-/optimist-0.6.1.tgz#da3ea74686fa21a19a111c326e90eb15a0196686"
  integrity sha1-2j6nRob6IaGaERwybpDrFaAZZoY=
  dependencies:
    minimist "~0.0.1"
    wordwrap "~0.0.2"

wordwrap@~0.0.2:
  version "0.0.3"
  resolved "https://registry.yarnpkg.com/wordwrap/-/wordwrap-0.0.3.tgz#a3d5da6cd5c0bc0008d37234bbaf1bed63059107"
  integrity sha1-o9XabNXAvAAI03I0u68b7WMFkQc=
